
Microsoft Visual Studio Solution File, Format Version 12.00
# Visual Studio Version 17
VisualStudioVersion = 17.0.31919.166
MinimumVisualStudioVersion = 10.0.40219.1
Project("{FAE04EC0-301F-11D3-BF4B-00C04F79EFBC}") = "login", "login\login.csproj", "{B751A9B7-F793-4BBF-B0A0-9738A2DA606D}"
EndProject
Global
	GlobalSection(SolutionConfigurationPlatforms) = preSolution
		Debug|Any CPU = Debug|Any CPU
		Release|Any CPU = Release|Any CPU
	EndGlobalSection
	GlobalSection(ProjectConfigurationPlatforms) = postSolution
		{B751A9B7-F793-4BBF-B0A0-9738A2DA606D}.Debug|Any CPU.ActiveCfg = Debug|Any CPU
		{B751A9B7-F793-4BBF-B0A0-9738A2DA606D}.Debug|Any CPU.Build.0 = Debug|Any CPU
		{B751A9B7-F793-4BBF-B0A0-9738A2DA606D}.Release|Any CPU.ActiveCfg = Release|Any CPU
		{B751A9B7-F793-4BBF-B0A0-9738A2DA606D}.Release|Any CPU.Build.0 = Release|Any CPU
	EndGlobalSection
	GlobalSection(SolutionProperties) = preSolution
		HideSolutionNode = FALSE
	EndGlobalSection
	GlobalSection(ExtensibilityGlobals) = postSolution
		SolutionGuid = {68356DB3-A37D-46A3-96CC-EE95F4A9B97B}
	EndGlobalSection
EndGlobal
